// !$*UTF8*$!
{
	archiveVersion = 1;
	classes = {
	};
	objectVersion = 77;
	objects = {

/* Begin PBXBuildFile section */
		9D1C01D72E49380F006354C5 /* Lottie in Frameworks */ = {isa = PBXBuildFile; productRef = 9D1C01D62E49380F006354C5 /* Lottie */; };
		9D1C03162E4AA427006354C5 /* Shimmer in Frameworks */ = {isa = PBXBuildFile; productRef = 9D1C03152E4AA427006354C5 /* Shimmer */; };
		9DDE4E092E47845C00BC5252 /* Kingfisher in Frameworks */ = {isa = PBXBuildFile; productRef = 9DDE4E082E47845C00BC5252 /* Kingfisher */; };
		9DDE4E7D2E47D6C200BC5252 /* Alamofire in Frameworks */ = {isa = PBXBuildFile; productRef = 9DDE4E7C2E47D6C200BC5252 /* Alamofire */; };
/* End PBXBuildFile section */

/* Begin PBXContainerItemProxy section */
		9D0053912E46131D00CD486F /* PBXContainerItemProxy */ = {
			isa = PBXContainerItemProxy;
			containerPortal = 9D00537A2E46131A00CD486F /* Project object */;
			proxyType = 1;
			remoteGlobalIDString = 9D0053812E46131B00CD486F;
			remoteInfo = "Radio Thmanyah";
		};
		9D00539B2E46131D00CD486F /* PBXContainerItemProxy */ = {
			isa = PBXContainerItemProxy;
			containerPortal = 9D00537A2E46131A00CD486F /* Project object */;
			proxyType = 1;
			remoteGlobalIDString = 9D0053812E46131B00CD486F;
			remoteInfo = "Radio Thmanyah";
		};
/* End PBXContainerItemProxy section */

/* Begin PBXFileReference section */
		9D0053822E46131B00CD486F /* Radio Thmanyah.app */ = {isa = PBXFileReference; explicitFileType = wrapper.application; includeInIndex = 0; path = "Radio Thmanyah.app"; sourceTree = BUILT_PRODUCTS_DIR; };
		9D0053902E46131D00CD486F /* Radio ThmanyahTests.xctest */ = {isa = PBXFileReference; explicitFileType = wrapper.cfbundle; includeInIndex = 0; path = "Radio ThmanyahTests.xctest"; sourceTree = BUILT_PRODUCTS_DIR; };
		9D00539A2E46131D00CD486F /* Radio ThmanyahUITests.xctest */ = {isa = PBXFileReference; explicitFileType = wrapper.cfbundle; includeInIndex = 0; path = "Radio ThmanyahUITests.xctest"; sourceTree = BUILT_PRODUCTS_DIR; };
/* End PBXFileReference section */

/* Begin PBXFileSystemSynchronizedRootGroup section */
		9D0053842E46131B00CD486F /* Radio Thmanyah */ = {
			isa = PBXFileSystemSynchronizedRootGroup;
			path = "Radio Thmanyah";
			sourceTree = "<group>";
		};
		9D0053932E46131D00CD486F /* Radio ThmanyahTests */ = {
			isa = PBXFileSystemSynchronizedRootGroup;
			path = "Radio ThmanyahTests";
			sourceTree = "<group>";
		};
		9D00539D2E46131D00CD486F /* Radio ThmanyahUITests */ = {
			isa = PBXFileSystemSynchronizedRootGroup;
			path = "Radio ThmanyahUITests";
			sourceTree = "<group>";
		};
/* End PBXFileSystemSynchronizedRootGroup section */

/* Begin PBXFrameworksBuildPhase section */
		9D00537F2E46131B00CD486F /* Frameworks */ = {
			isa = PBXFrameworksBuildPhase;
			buildActionMask = 2147483647;
			files = (
				9D1C03162E4AA427006354C5 /* Shimmer in Frameworks */,
				9DDE4E092E47845C00BC5252 /* Kingfisher in Frameworks */,
				9DDE4E7D2E47D6C200BC5252 /* Alamofire in Frameworks */,
				9D1C01D72E49380F006354C5 /* Lottie in Frameworks */,
			);
			runOnlyForDeploymentPostprocessing = 0;
		};
		9D00538D2E46131D00CD486F /* Frameworks */ = {
			isa = PBXFrameworksBuildPhase;
			buildActionMask = 2147483647;
			files = (
			);
			runOnlyForDeploymentPostprocessing = 0;
		};
		9D0053972E46131D00CD486F /* Frameworks */ = {
			isa = PBXFrameworksBuildPhase;
			buildActionMask = 2147483647;
			files = (
			);
			runOnlyForDeploymentPostprocessing = 0;
		};
/* End PBXFrameworksBuildPhase section */

/* Begin PBXGroup section */
		9D0053792E46131A00CD486F = {
			isa = PBXGroup;
			children = (
				9D0053842E46131B00CD486F /* Radio Thmanyah */,
				9D0053932E46131D00CD486F /* Radio ThmanyahTests */,
				9D00539D2E46131D00CD486F /* Radio ThmanyahUITests */,
				9D0053832E46131B00CD486F /* Products */,
			);
			sourceTree = "<group>";
		};
		9D0053832E46131B00CD486F /* Products */ = {
			isa = PBXGroup;
			children = (
				9D0053822E46131B00CD486F /* Radio Thmanyah.app */,
				9D0053902E46131D00CD486F /* Radio ThmanyahTests.xctest */,
				9D00539A2E46131D00CD486F /* Radio ThmanyahUITests.xctest */,
			);
			name = Products;
			sourceTree = "<group>";
		};
/* End PBXGroup section */

/* Begin PBXNativeTarget section */
		9D0053812E46131B00CD486F /* Radio Thmanyah */ = {
			isa = PBXNativeTarget;
			buildConfigurationList = 9D0053A42E46131D00CD486F /* Build configuration list for PBXNativeTarget "Radio Thmanyah" */;
			buildPhases = (
				9D00537E2E46131B00CD486F /* Sources */,
				9D00537F2E46131B00CD486F /* Frameworks */,
				9D0053802E46131B00CD486F /* Resources */,
			);
			buildRules = (
			);
			dependencies = (
			);
			fileSystemSynchronizedGroups = (
				9D0053842E46131B00CD486F /* Radio Thmanyah */,
			);
			name = "Radio Thmanyah";
			packageProductDependencies = (
				9DDE4E082E47845C00BC5252 /* Kingfisher */,
				9DDE4E7C2E47D6C200BC5252 /* Alamofire */,
				9DDE4E7E2E47D6C200BC5252 /* AlamofireDynamic */,
				9D1C01D62E49380F006354C5 /* Lottie */,
				9D1C03152E4AA427006354C5 /* Shimmer */,
			);
			productName = "Radio Thmanyah";
			productReference = 9D0053822E46131B00CD486F /* Radio Thmanyah.app */;
			productType = "com.apple.product-type.application";
		};
		9D00538F2E46131D00CD486F /* Radio ThmanyahTests */ = {
			isa = PBXNativeTarget;
			buildConfigurationList = 9D0053A72E46131D00CD486F /* Build configuration list for PBXNativeTarget "Radio ThmanyahTests" */;
			buildPhases = (
				9D00538C2E46131D00CD486F /* Sources */,
				9D00538D2E46131D00CD486F /* Frameworks */,
				9D00538E2E46131D00CD486F /* Resources */,
			);
			buildRules = (
			);
			dependencies = (
				9D0053922E46131D00CD486F /* PBXTargetDependency */,
			);
			fileSystemSynchronizedGroups = (
				9D0053932E46131D00CD486F /* Radio ThmanyahTests */,
			);
			name = "Radio ThmanyahTests";
			packageProductDependencies = (
			);
			productName = "Radio ThmanyahTests";
			productReference = 9D0053902E46131D00CD486F /* Radio ThmanyahTests.xctest */;
			productType = "com.apple.product-type.bundle.unit-test";
		};
		9D0053992E46131D00CD486F /* Radio ThmanyahUITests */ = {
			isa = PBXNativeTarget;
			buildConfigurationList = 9D0053AA2E46131D00CD486F /* Build configuration list for PBXNativeTarget "Radio ThmanyahUITests" */;
			buildPhases = (
				9D0053962E46131D00CD486F /* Sources */,
				9D0053972E46131D00CD486F /* Frameworks */,
				9D0053982E46131D00CD486F /* Resources */,
			);
			buildRules = (
			);
			dependencies = (
				9D00539C2E46131D00CD486F /* PBXTargetDependency */,
			);
			fileSystemSynchronizedGroups = (
				9D00539D2E46131D00CD486F /* Radio ThmanyahUITests */,
			);
			name = "Radio ThmanyahUITests";
			packageProductDependencies = (
			);
			productName = "Radio ThmanyahUITests";
			productReference = 9D00539A2E46131D00CD486F /* Radio ThmanyahUITests.xctest */;
			productType = "com.apple.product-type.bundle.ui-testing";
		};
/* End PBXNativeTarget section */

/* Begin PBXProject section */
		9D00537A2E46131A00CD486F /* Project object */ = {
			isa = PBXProject;
			attributes = {
				BuildIndependentTargetsInParallel = 1;
				LastSwiftUpdateCheck = 1640;
				LastUpgradeCheck = 1640;
				TargetAttributes = {
					9D0053812E46131B00CD486F = {
						CreatedOnToolsVersion = 16.4;
					};
					9D00538F2E46131D00CD486F = {
						CreatedOnToolsVersion = 16.4;
						TestTargetID = 9D0053812E46131B00CD486F;
					};
					9D0053992E46131D00CD486F = {
						CreatedOnToolsVersion = 16.4;
						TestTargetID = 9D0053812E46131B00CD486F;
					};
				};
			};
			buildConfigurationList = 9D00537D2E46131A00CD486F /* Build configuration list for PBXProject "Radio Thmanyah" */;
			developmentRegion = en;
			hasScannedForEncodings = 0;
			knownRegions = (
				en,
				Base,
			);
			mainGroup = 9D0053792E46131A00CD486F;
			minimizedProjectReferenceProxies = 1;
			packageReferences = (
				9DDE4E072E47845C00BC5252 /* XCRemoteSwiftPackageReference "Kingfisher" */,
				9DDE4E7B2E47D6C200BC5252 /* XCRemoteSwiftPackageReference "Alamofire" */,
				9D1C01D52E49380F006354C5 /* XCRemoteSwiftPackageReference "lottie-ios" */,
				9D1C03142E4AA427006354C5 /* XCRemoteSwiftPackageReference "SwiftUI-Shimmer" */,
			);
			preferredProjectObjectVersion = 77;
			productRefGroup = 9D0053832E46131B00CD486F /* Products */;
			projectDirPath = "";
			projectRoot = "";
			targets = (
				9D0053812E46131B00CD486F /* Radio Thmanyah */,
				9D00538F2E46131D00CD486F /* Radio ThmanyahTests */,
				9D0053992E46131D00CD486F /* Radio ThmanyahUITests */,
			);
		};
/* End PBXProject section */

/* Begin PBXResourcesBuildPhase section */
		9D0053802E46131B00CD486F /* Resources */ = {
			isa = PBXResourcesBuildPhase;
			buildActionMask = 2147483647;
			files = (
			);
			runOnlyForDeploymentPostprocessing = 0;
		};
		9D00538E2E46131D00CD486F /* Resources */ = {
			isa = PBXResourcesBuildPhase;
			buildActionMask = 2147483647;
			files = (
			);
			runOnlyForDeploymentPostprocessing = 0;
		};
		9D0053982E46131D00CD486F /* Resources */ = {
			isa = PBXResourcesBuildPhase;
			buildActionMask = 2147483647;
			files = (
			);
			runOnlyForDeploymentPostprocessing = 0;
		};
/* End PBXResourcesBuildPhase section */

/* Begin PBXSourcesBuildPhase section */
		9D00537E2E46131B00CD486F /* Sources */ = {
			isa = PBXSourcesBuildPhase;
			buildActionMask = 2147483647;
			files = (
			);
			runOnlyForDeploymentPostprocessing = 0;
		};
		9D00538C2E46131D00CD486F /* Sources */ = {
			isa = PBXSourcesBuildPhase;
			buildActionMask = 2147483647;
			files = (
			);
			runOnlyForDeploymentPostprocessing = 0;
		};
		9D0053962E46131D00CD486F /* Sources */ = {
			isa = PBXSourcesBuildPhase;
			buildActionMask = 2147483647;
			files = (
			);
			runOnlyForDeploymentPostprocessing = 0;
		};
/* End PBXSourcesBuildPhase section */

/* Begin PBXTargetDependency section */
		9D0053922E46131D00CD486F /* PBXTargetDependency */ = {
			isa = PBXTargetDependency;
			target = 9D0053812E46131B00CD486F /* Radio Thmanyah */;
			targetProxy = 9D0053912E46131D00CD486F /* PBXContainerItemProxy */;
		};
		9D00539C2E46131D00CD486F /* PBXTargetDependency */ = {
			isa = PBXTargetDependency;
			target = 9D0053812E46131B00CD486F /* Radio Thmanyah */;
			targetProxy = 9D00539B2E46131D00CD486F /* PBXContainerItemProxy */;
		};
/* End PBXTargetDependency section */

/* Begin XCBuildConfiguration section */
		9D0053A22E46131D00CD486F /* Debug */ = {
			isa = XCBuildConfiguration;
			buildSettings = {
				ALWAYS_SEARCH_USER_PATHS = NO;
				ASSETCATALOG_COMPILER_GENERATE_SWIFT_ASSET_SYMBOL_EXTENSIONS = YES;
				CLANG_ANALYZER_NONNULL = YES;
				CLANG_ANALYZER_NUMBER_OBJECT_CONVERSION = YES_AGGRESSIVE;
				CLANG_CXX_LANGUAGE_STANDARD = "gnu++20";
				CLANG_ENABLE_MODULES = YES;
				CLANG_ENABLE_OBJC_ARC = YES;
				CLANG_ENABLE_OBJC_WEAK = YES;
				CLANG_WARN_BLOCK_CAPTURE_AUTORELEASING = YES;
				CLANG_WARN_BOOL_CONVERSION = YES;
				CLANG_WARN_COMMA = YES;
				CLANG_WARN_CONSTANT_CONVERSION = YES;
				CLANG_WARN_DEPRECATED_OBJC_IMPLEMENTATIONS = YES;
				CLANG_WARN_DIRECT_OBJC_ISA_USAGE = YES_ERROR;
				CLANG_WARN_DOCUMENTATION_COMMENTS = YES;
				CLANG_WARN_EMPTY_BODY = YES;
				CLANG_WARN_ENUM_CONVERSION = YES;
				CLANG_WARN_INFINITE_RECURSION = YES;
				CLANG_WARN_INT_CONVERSION = YES;
				CLANG_WARN_NON_LITERAL_NULL_CONVERSION = YES;
				CLANG_WARN_OBJC_IMPLICIT_RETAIN_SELF = YES;
				CLANG_WARN_OBJC_LITERAL_CONVERSION = YES;
				CLANG_WARN_OBJC_ROOT_CLASS = YES_ERROR;
				CLANG_WARN_QUOTED_INCLUDE_IN_FRAMEWORK_HEADER = YES;
				CLANG_WARN_RANGE_LOOP_ANALYSIS = YES;
				CLANG_WARN_STRICT_PROTOTYPES = YES;
				CLANG_WARN_SUSPICIOUS_MOVE = YES;
				CLANG_WARN_UNGUARDED_AVAILABILITY = YES_AGGRESSIVE;
				CLANG_WARN_UNREACHABLE_CODE = YES;
				CLANG_WARN__DUPLICATE_METHOD_MATCH = YES;
				COPY_PHASE_STRIP = NO;
				DEBUG_INFORMATION_FORMAT = dwarf;
				DEVELOPMENT_TEAM = ZJWG8YLNWZ;
				ENABLE_STRICT_OBJC_MSGSEND = YES;
				ENABLE_TESTABILITY = YES;
				ENABLE_USER_SCRIPT_SANDBOXING = YES;
				GCC_C_LANGUAGE_STANDARD = gnu17;
				GCC_DYNAMIC_NO_PIC = NO;
				GCC_NO_COMMON_BLOCKS = YES;
				GCC_OPTIMIZATION_LEVEL = 0;
				GCC_PREPROCESSOR_DEFINITIONS = (
					"DEBUG=1",
					"$(inherited)",
				);
				GCC_WARN_64_TO_32_BIT_CONVERSION = YES;
				GCC_WARN_ABOUT_RETURN_TYPE = YES_ERROR;
				GCC_WARN_UNDECLARED_SELECTOR = YES;
				GCC_WARN_UNINITIALIZED_AUTOS = YES_AGGRESSIVE;
				GCC_WARN_UNUSED_FUNCTION = YES;
				GCC_WARN_UNUSED_VARIABLE = YES;
				LOCALIZATION_PREFERS_STRING_CATALOGS = YES;
				MTL_ENABLE_DEBUG_INFO = INCLUDE_SOURCE;
				MTL_FAST_MATH = YES;
				ONLY_ACTIVE_ARCH = YES;
				SWIFT_ACTIVE_COMPILATION_CONDITIONS = "DEBUG $(inherited)";
				SWIFT_OPTIMIZATION_LEVEL = "-Onone";
			};
			name = Debug;
		};
		9D0053A32E46131D00CD486F /* Release */ = {
			isa = XCBuildConfiguration;
			buildSettings = {
				ALWAYS_SEARCH_USER_PATHS = NO;
				ASSETCATALOG_COMPILER_GENERATE_SWIFT_ASSET_SYMBOL_EXTENSIONS = YES;
				CLANG_ANALYZER_NONNULL = YES;
				CLANG_ANALYZER_NUMBER_OBJECT_CONVERSION = YES_AGGRESSIVE;
				CLANG_CXX_LANGUAGE_STANDARD = "gnu++20";
				CLANG_ENABLE_MODULES = YES;
				CLANG_ENABLE_OBJC_ARC = YES;
				CLANG_ENABLE_OBJC_WEAK = YES;
				CLANG_WARN_BLOCK_CAPTURE_AUTORELEASING = YES;
				CLANG_WARN_BOOL_CONVERSION = YES;
				CLANG_WARN_COMMA = YES;
				CLANG_WARN_CONSTANT_CONVERSION = YES;
				CLANG_WARN_DEPRECATED_OBJC_IMPLEMENTATIONS = YES;
				CLANG_WARN_DIRECT_OBJC_ISA_USAGE = YES_ERROR;
				CLANG_WARN_DOCUMENTATION_COMMENTS = YES;
				CLANG_WARN_EMPTY_BODY = YES;
				CLANG_WARN_ENUM_CONVERSION = YES;
				CLANG_WARN_INFINITE_RECURSION = YES;
				CLANG_WARN_INT_CONVERSION = YES;
				CLANG_WARN_NON_LITERAL_NULL_CONVERSION = YES;
				CLANG_WARN_OBJC_IMPLICIT_RETAIN_SELF = YES;
				CLANG_WARN_OBJC_LITERAL_CONVERSION = YES;
				CLANG_WARN_OBJC_ROOT_CLASS = YES_ERROR;
				CLANG_WARN_QUOTED_INCLUDE_IN_FRAMEWORK_HEADER = YES;
				CLANG_WARN_RANGE_LOOP_ANALYSIS = YES;
				CLANG_WARN_STRICT_PROTOTYPES = YES;
				CLANG_WARN_SUSPICIOUS_MOVE = YES;
				CLANG_WARN_UNGUARDED_AVAILABILITY = YES_AGGRESSIVE;
				CLANG_WARN_UNREACHABLE_CODE = YES;
				CLANG_WARN__DUPLICATE_METHOD_MATCH = YES;
				COPY_PHASE_STRIP = NO;
				DEBUG_INFORMATION_FORMAT = "dwarf-with-dsym";
				DEVELOPMENT_TEAM = ZJWG8YLNWZ;
				ENABLE_NS_ASSERTIONS = NO;
				ENABLE_STRICT_OBJC_MSGSEND = YES;
				ENABLE_USER_SCRIPT_SANDBOXING = YES;
				GCC_C_LANGUAGE_STANDARD = gnu17;
				GCC_NO_COMMON_BLOCKS = YES;
				GCC_WARN_64_TO_32_BIT_CONVERSION = YES;
				GCC_WARN_ABOUT_RETURN_TYPE = YES_ERROR;
				GCC_WARN_UNDECLARED_SELECTOR = YES;
				GCC_WARN_UNINITIALIZED_AUTOS = YES_AGGRESSIVE;
				GCC_WARN_UNUSED_FUNCTION = YES;
				GCC_WARN_UNUSED_VARIABLE = YES;
				LOCALIZATION_PREFERS_STRING_CATALOGS = YES;
				MTL_ENABLE_DEBUG_INFO = NO;
				MTL_FAST_MATH = YES;
				SWIFT_COMPILATION_MODE = wholemodule;
			};
			name = Release;
		};
		9D0053A52E46131D00CD486F /* Debug */ = {
			isa = XCBuildConfiguration;
			buildSettings = {
				ASSETCATALOG_COMPILER_APPICON_NAME = AppIcon;
				ASSETCATALOG_COMPILER_GLOBAL_ACCENT_COLOR_NAME = AccentColor;
				CODE_SIGN_ENTITLEMENTS = "Radio Thmanyah/Resources/Radio_Thmanyah.entitlements";
				CODE_SIGN_STYLE = Automatic;
				CURRENT_PROJECT_VERSION = 1;
				DEVELOPMENT_TEAM = ZJWG8YLNWZ;
				ENABLE_HARDENED_RUNTIME = YES;
				ENABLE_PREVIEWS = YES;
				GENERATE_INFOPLIST_FILE = YES;
				INFOPLIST_FILE = "Radio-Thmanyah-Info.plist";
				INFOPLIST_KEY_LSApplicationCategoryType = "";
				"INFOPLIST_KEY_UIApplicationSceneManifest_Generation[sdk=iphoneos*]" = YES;
				"INFOPLIST_KEY_UIApplicationSceneManifest_Generation[sdk=iphonesimulator*]" = YES;
				"INFOPLIST_KEY_UIApplicationSupportsIndirectInputEvents[sdk=iphoneos*]" = YES;
				"INFOPLIST_KEY_UIApplicationSupportsIndirectInputEvents[sdk=iphonesimulator*]" = YES;
				"INFOPLIST_KEY_UILaunchScreen_Generation[sdk=iphoneos*]" = YES;
				"INFOPLIST_KEY_UILaunchScreen_Generation[sdk=iphonesimulator*]" = YES;
				INFOPLIST_KEY_UILaunchStoryboardName = "Launch Screen";
				"INFOPLIST_KEY_UIStatusBarStyle[sdk=iphoneos*]" = UIStatusBarStyleDefault;
				"INFOPLIST_KEY_UIStatusBarStyle[sdk=iphonesimulator*]" = UIStatusBarStyleDefault;
				INFOPLIST_KEY_UISupportedInterfaceOrientations_iPad = "UIInterfaceOrientationPortrait UIInterfaceOrientationPortraitUpsideDown UIInterfaceOrientationLandscapeLeft UIInterfaceOrientationLandscapeRight";
				INFOPLIST_KEY_UISupportedInterfaceOrientations_iPhone = "UIInterfaceOrientationPortrait UIInterfaceOrientationLandscapeLeft UIInterfaceOrientationLandscapeRight";
				IPHONEOS_DEPLOYMENT_TARGET = 18.5;
				LD_RUNPATH_SEARCH_PATHS = "@executable_path/Frameworks";
				"LD_RUNPATH_SEARCH_PATHS[sdk=macosx*]" = "@executable_path/../Frameworks";
				MACOSX_DEPLOYMENT_TARGET = 15.5;
				MARKETING_VERSION = 1.0;
				PRODUCT_BUNDLE_IDENTIFIER = "com.houssam.Radio-Thmanyah";
				PRODUCT_NAME = "$(TARGET_NAME)";
				REGISTER_APP_GROUPS = YES;
				SDKROOT = auto;
				SUPPORTED_PLATFORMS = "iphoneos iphonesimulator macosx xros xrsimulator";
				SWIFT_EMIT_LOC_STRINGS = YES;
				SWIFT_VERSION = 5.0;
				TARGETED_DEVICE_FAMILY = "1,2,7";
				XROS_DEPLOYMENT_TARGET = 2.5;
			};
			name = Debug;
		};
		9D0053A62E46131D00CD486F /* Release */ = {
			isa = XCBuildConfiguration;
			buildSettings = {
				ASSETCATALOG_COMPILER_APPICON_NAME = AppIcon;
				ASSETCATALOG_COMPILER_GLOBAL_ACCENT_COLOR_NAME = AccentColor;
				CODE_SIGN_ENTITLEMENTS = "Radio Thmanyah/Resources/Radio_Thmanyah.entitlements";
				CODE_SIGN_STYLE = Automatic;
				CURRENT_PROJECT_VERSION = 1;
				DEVELOPMENT_TEAM = ZJWG8YLNWZ;
				ENABLE_HARDENED_RUNTIME = YES;
				ENABLE_PREVIEWS = YES;
				GENERATE_INFOPLIST_FILE = YES;
				INFOPLIST_FILE = "Radio-Thmanyah-Info.plist";
				INFOPLIST_KEY_LSApplicationCategoryType = "";
				"INFOPLIST_KEY_UIApplicationSceneManifest_Generation[sdk=iphoneos*]" = YES;
				"INFOPLIST_KEY_UIApplicationSceneManifest_Generation[sdk=iphonesimulator*]" = YES;
				"INFOPLIST_KEY_UIApplicationSupportsIndirectInputEvents[sdk=iphoneos*]" = YES;
				"INFOPLIST_KEY_UIApplicationSupportsIndirectInputEvents[sdk=iphonesimulator*]" = YES;
				"INFOPLIST_KEY_UILaunchScreen_Generation[sdk=iphoneos*]" = YES;
				"INFOPLIST_KEY_UILaunchScreen_Generation[sdk=iphonesimulator*]" = YES;
				INFOPLIST_KEY_UILaunchStoryboardName = "Launch Screen";
				"INFOPLIST_KEY_UIStatusBarStyle[sdk=iphoneos*]" = UIStatusBarStyleDefault;
				"INFOPLIST_KEY_UIStatusBarStyle[sdk=iphonesimulator*]" = UIStatusBarStyleDefault;
				INFOPLIST_KEY_UISupportedInterfaceOrientations_iPad = "UIInterfaceOrientationPortrait UIInterfaceOrientationPortraitUpsideDown UIInterfaceOrientationLandscapeLeft UIInterfaceOrientationLandscapeRight";
				INFOPLIST_KEY_UISupportedInterfaceOrientations_iPhone = "UIInterfaceOrientationPortrait UIInterfaceOrientationLandscapeLeft UIInterfaceOrientationLandscapeRight";
				IPHONEOS_DEPLOYMENT_TARGET = 18.5;
				LD_RUNPATH_SEARCH_PATHS = "@executable_path/Frameworks";
				"LD_RUNPATH_SEARCH_PATHS[sdk=macosx*]" = "@executable_path/../Frameworks";
				MACOSX_DEPLOYMENT_TARGET = 15.5;
				MARKETING_VERSION = 1.0;
				PRODUCT_BUNDLE_IDENTIFIER = "com.houssam.Radio-Thmanyah";
				PRODUCT_NAME = "$(TARGET_NAME)";
				REGISTER_APP_GROUPS = YES;
				SDKROOT = auto;
				SUPPORTED_PLATFORMS = "iphoneos iphonesimulator macosx xros xrsimulator";
				SWIFT_EMIT_LOC_STRINGS = YES;
				SWIFT_VERSION = 5.0;
				TARGETED_DEVICE_FAMILY = "1,2,7";
				XROS_DEPLOYMENT_TARGET = 2.5;
			};
			name = Release;
		};
		9D0053A82E46131D00CD486F /* Debug */ = {
			isa = XCBuildConfiguration;
			buildSettings = {
				BUNDLE_LOADER = "$(TEST_HOST)";
				CODE_SIGN_STYLE = Automatic;
				CURRENT_PROJECT_VERSION = 1;
				DEVELOPMENT_TEAM = ZJWG8YLNWZ;
				GENERATE_INFOPLIST_FILE = YES;
				IPHONEOS_DEPLOYMENT_TARGET = 18.5;
				MACOSX_DEPLOYMENT_TARGET = 15.5;
				MARKETING_VERSION = 1.0;
				PRODUCT_BUNDLE_IDENTIFIER = "com.houssam.Radio-ThmanyahTests";
				PRODUCT_NAME = "$(TARGET_NAME)";
				SDKROOT = auto;
				SUPPORTED_PLATFORMS = "iphoneos iphonesimulator macosx xros xrsimulator";
				SWIFT_EMIT_LOC_STRINGS = NO;
				SWIFT_VERSION = 5.0;
				TARGETED_DEVICE_FAMILY = "1,2,7";
				TEST_HOST = "$(BUILT_PRODUCTS_DIR)/Radio Thmanyah.app/$(BUNDLE_EXECUTABLE_FOLDER_PATH)/Radio Thmanyah";
				XROS_DEPLOYMENT_TARGET = 2.5;
			};
			name = Debug;
		};
		9D0053A92E46131D00CD486F /* Release */ = {
			isa = XCBuildConfiguration;
			buildSettings = {
				BUNDLE_LOADER = "$(TEST_HOST)";
				CODE_SIGN_STYLE = Automatic;
				CURRENT_PROJECT_VERSION = 1;
				DEVELOPMENT_TEAM = ZJWG8YLNWZ;
				GENERATE_INFOPLIST_FILE = YES;
				IPHONEOS_DEPLOYMENT_TARGET = 18.5;
				MACOSX_DEPLOYMENT_TARGET = 15.5;
				MARKETING_VERSION = 1.0;
				PRODUCT_BUNDLE_IDENTIFIER = "com.houssam.Radio-ThmanyahTests";
				PRODUCT_NAME = "$(TARGET_NAME)";
				SDKROOT = auto;
				SUPPORTED_PLATFORMS = "iphoneos iphonesimulator macosx xros xrsimulator";
				SWIFT_EMIT_LOC_STRINGS = NO;
				SWIFT_VERSION = 5.0;
				TARGETED_DEVICE_FAMILY = "1,2,7";
				TEST_HOST = "$(BUILT_PRODUCTS_DIR)/Radio Thmanyah.app/$(BUNDLE_EXECUTABLE_FOLDER_PATH)/Radio Thmanyah";
				XROS_DEPLOYMENT_TARGET = 2.5;
			};
			name = Release;
		};
		9D0053AB2E46131D00CD486F /* Debug */ = {
			isa = XCBuildConfiguration;
			buildSettings = {
				CODE_SIGN_STYLE = Automatic;
				CURRENT_PROJECT_VERSION = 1;
				DEVELOPMENT_TEAM = ZJWG8YLNWZ;
				GENERATE_INFOPLIST_FILE = YES;
				IPHONEOS_DEPLOYMENT_TARGET = 18.5;
				MACOSX_DEPLOYMENT_TARGET = 15.5;
				MARKETING_VERSION = 1.0;
				PRODUCT_BUNDLE_IDENTIFIER = "com.houssam.Radio-ThmanyahUITests";
				PRODUCT_NAME = "$(TARGET_NAME)";
				SDKROOT = auto;
				SUPPORTED_PLATFORMS = "iphoneos iphonesimulator macosx xros xrsimulator";
				SWIFT_EMIT_LOC_STRINGS = NO;
				SWIFT_VERSION = 5.0;
				TARGETED_DEVICE_FAMILY = "1,2,7";
				TEST_TARGET_NAME = "Radio Thmanyah";
				XROS_DEPLOYMENT_TARGET = 2.5;
			};
			name = Debug;
		};
		9D0053AC2E46131D00CD486F /* Release */ = {
			isa = XCBuildConfiguration;
			buildSettings = {
				CODE_SIGN_STYLE = Automatic;
				CURRENT_PROJECT_VERSION = 1;
				DEVELOPMENT_TEAM = ZJWG8YLNWZ;
				GENERATE_INFOPLIST_FILE = YES;
				IPHONEOS_DEPLOYMENT_TARGET = 18.5;
				MACOSX_DEPLOYMENT_TARGET = 15.5;
				MARKETING_VERSION = 1.0;
				PRODUCT_BUNDLE_IDENTIFIER = "com.houssam.Radio-ThmanyahUITests";
				PRODUCT_NAME = "$(TARGET_NAME)";
				SDKROOT = auto;
				SUPPORTED_PLATFORMS = "iphoneos iphonesimulator macosx xros xrsimulator";
				SWIFT_EMIT_LOC_STRINGS = NO;
				SWIFT_VERSION = 5.0;
				TARGETED_DEVICE_FAMILY = "1,2,7";
				TEST_TARGET_NAME = "Radio Thmanyah";
				XROS_DEPLOYMENT_TARGET = 2.5;
			};
			name = Release;
		};
/* End XCBuildConfiguration section */

/* Begin XCConfigurationList section */
		9D00537D2E46131A00CD486F /* Build configuration list for PBXProject "Radio Thmanyah" */ = {
			isa = XCConfigurationList;
			buildConfigurations = (
				9D0053A22E46131D00CD486F /* Debug */,
				9D0053A32E46131D00CD486F /* Release */,
			);
			defaultConfigurationIsVisible = 0;
			defaultConfigurationName = Release;
		};
		9D0053A42E46131D00CD486F /* Build configuration list for PBXNativeTarget "Radio Thmanyah" */ = {
			isa = XCConfigurationList;
			buildConfigurations = (
				9D0053A52E46131D00CD486F /* Debug */,
				9D0053A62E46131D00CD486F /* Release */,
			);
			defaultConfigurationIsVisible = 0;
			defaultConfigurationName = Release;
		};
		9D0053A72E46131D00CD486F /* Build configuration list for PBXNativeTarget "Radio ThmanyahTests" */ = {
			isa = XCConfigurationList;
			buildConfigurations = (
				9D0053A82E46131D00CD486F /* Debug */,
				9D0053A92E46131D00CD486F /* Release */,
			);
			defaultConfigurationIsVisible = 0;
			defaultConfigurationName = Release;
		};
		9D0053AA2E46131D00CD486F /* Build configuration list for PBXNativeTarget "Radio ThmanyahUITests" */ = {
			isa = XCConfigurationList;
			buildConfigurations = (
				9D0053AB2E46131D00CD486F /* Debug */,
				9D0053AC2E46131D00CD486F /* Release */,
			);
			defaultConfigurationIsVisible = 0;
			defaultConfigurationName = Release;
		};
/* End XCConfigurationList section */

/* Begin XCRemoteSwiftPackageReference section */
		9D1C01D52E49380F006354C5 /* XCRemoteSwiftPackageReference "lottie-ios" */ = {
			isa = XCRemoteSwiftPackageReference;
			repositoryURL = "https://github.com/airbnb/lottie-ios";
			requirement = {
				kind = upToNextMajorVersion;
				minimumVersion = 4.5.2;
			};
		};
		9D1C03142E4AA427006354C5 /* XCRemoteSwiftPackageReference "SwiftUI-Shimmer" */ = {
			isa = XCRemoteSwiftPackageReference;
			repositoryURL = "https://github.com/markiv/SwiftUI-Shimmer";
			requirement = {
				kind = upToNextMajorVersion;
				minimumVersion = 1.5.1;
			};
		};
		9DDE4E072E47845C00BC5252 /* XCRemoteSwiftPackageReference "Kingfisher" */ = {
			isa = XCRemoteSwiftPackageReference;
			repositoryURL = "https://github.com/onevcat/Kingfisher.git";
			requirement = {
				kind = upToNextMajorVersion;
				minimumVersion = 8.5.0;
			};
		};
		9DDE4E7B2E47D6C200BC5252 /* XCRemoteSwiftPackageReference "Alamofire" */ = {
			isa = XCRemoteSwiftPackageReference;
			repositoryURL = "https://github.com/Alamofire/Alamofire.git";
			requirement = {
				kind = upToNextMajorVersion;
				minimumVersion = 5.10.2;
			};
		};
/* End XCRemoteSwiftPackageReference section */

/* Begin XCSwiftPackageProductDependency section */
		9D1C01D62E49380F006354C5 /* Lottie */ = {
			isa = XCSwiftPackageProductDependency;
			package = 9D1C01D52E49380F006354C5 /* XCRemoteSwiftPackageReference "lottie-ios" */;
			productName = Lottie;
		};
		9D1C03152E4AA427006354C5 /* Shimmer */ = {
			isa = XCSwiftPackageProductDependency;
			package = 9D1C03142E4AA427006354C5 /* XCRemoteSwiftPackageReference "SwiftUI-Shimmer" */;
			productName = Shimmer;
		};
		9DDE4E082E47845C00BC5252 /* Kingfisher */ = {
			isa = XCSwiftPackageProductDependency;
			package = 9DDE4E072E47845C00BC5252 /* XCRemoteSwiftPackageReference "Kingfisher" */;
			productName = Kingfisher;
		};
		9DDE4E7C2E47D6C200BC5252 /* Alamofire */ = {
			isa = XCSwiftPackageProductDependency;
			package = 9DDE4E7B2E47D6C200BC5252 /* XCRemoteSwiftPackageReference "Alamofire" */;
			productName = Alamofire;
		};
		9DDE4E7E2E47D6C200BC5252 /* AlamofireDynamic */ = {
			isa = XCSwiftPackageProductDependency;
			package = 9DDE4E7B2E47D6C200BC5252 /* XCRemoteSwiftPackageReference "Alamofire" */;
			productName = AlamofireDynamic;
		};
/* End XCSwiftPackageProductDependency section */
	};
	rootObject = 9D00537A2E46131A00CD486F /* Project object */;
}
